// !$*UTF8*$!
{
	archiveVersion = 1;
	classes = {
	};
	objectVersion = 56;
	objects = {

/* Begin PBXBuildFile section */
		1A0000000000000000000012 /* LedgerViewerApp.swift in Sources */ = {isa = PBXBuildFile; fileRef = 1A0000000000000000000010 /* LedgerViewerApp.swift */; };
		1A0000000000000000000013 /* ContentView.swift in Sources */ = {isa = PBXBuildFile; fileRef = 1A0000000000000000000011 /* ContentView.swift */; };
		1A0000000000000000000017 /* LedgerStore.swift in Sources */ = {isa = PBXBuildFile; fileRef = 1A0000000000000000000016 /* LedgerStore.swift */; };
		1A0000000000000000000019 /* TreeLayout.swift in Sources */ = {isa = PBXBuildFile; fileRef = 1A0000000000000000000018 /* TreeLayout.swift */; };
		1A000000000000000000001B /* TreeView.swift in Sources */ = {isa = PBXBuildFile; fileRef = 1A000000000000000000001A /* TreeView.swift */; };
		1A000000000000000000001D /* Thumbnail.swift in Sources */ = {isa = PBXBuildFile; fileRef = 1A000000000000000000001C /* Thumbnail.swift */; };
		1A000000000000000000001F /* InspectorView.swift in Sources */ = {isa = PBXBuildFile; fileRef = 1A000000000000000000001E /* InspectorView.swift */; };
		1A0000000000000000000021 /* LedgerWatcher.swift in Sources */ = {isa = PBXBuildFile; fileRef = 1A0000000000000000000020 /* LedgerWatcher.swift */; };
		1A0000000000000000000023 /* ReservationSheet.swift in Sources */ = {isa = PBXBuildFile; fileRef = 1A0000000000000000000022 /* ReservationSheet.swift */; };
/* End PBXBuildFile section */

/* Begin PBXFileReference section */
		1A0000000000000000000006 /* LedgerViewer.app */ = {isa = PBXFileReference; explicitFileType = wrapper.application; includeInIndex = 0; path = LedgerViewer.app; sourceTree = BUILT_PRODUCTS_DIR; };
		1A0000000000000000000010 /* LedgerViewerApp.swift */ = {isa = PBXFileReference; lastKnownFileType = sourcecode.swift; path = LedgerViewerApp.swift; sourceTree = "<group>"; };
		1A0000000000000000000011 /* ContentView.swift */ = {isa = PBXFileReference; lastKnownFileType = sourcecode.swift; path = ContentView.swift; sourceTree = "<group>"; };
		1A0000000000000000000016 /* LedgerStore.swift */ = {isa = PBXFileReference; lastKnownFileType = sourcecode.swift; path = LedgerStore.swift; sourceTree = "<group>"; };
		1A0000000000000000000018 /* TreeLayout.swift */ = {isa = PBXFileReference; lastKnownFileType = sourcecode.swift; path = TreeLayout.swift; sourceTree = "<group>"; };
		1A000000000000000000001A /* TreeView.swift */ = {isa = PBXFileReference; lastKnownFileType = sourcecode.swift; path = TreeView.swift; sourceTree = "<group>"; };
		1A000000000000000000001C /* Thumbnail.swift */ = {isa = PBXFileReference; lastKnownFileType = sourcecode.swift; path = Thumbnail.swift; sourceTree = "<group>"; };
		1A000000000000000000001E /* InspectorView.swift */ = {isa = PBXFileReference; lastKnownFileType = sourcecode.swift; path = InspectorView.swift; sourceTree = "<group>"; };
		1A0000000000000000000020 /* LedgerWatcher.swift */ = {isa = PBXFileReference; lastKnownFileType = sourcecode.swift; path = LedgerWatcher.swift; sourceTree = "<group>"; };
		1A0000000000000000000022 /* ReservationSheet.swift */ = {isa = PBXFileReference; lastKnownFileType = sourcecode.swift; path = ReservationSheet.swift; sourceTree = "<group>"; };
/* End PBXFileReference section */

/* Begin PBXFrameworksBuildPhase section */
		1A0000000000000000000008 /* Frameworks */ = {
			isa = PBXFrameworksBuildPhase;
			buildActionMask = 2147483647;
			files = (
			);
			runOnlyForDeploymentPostprocessing = 0;
		};
/* End PBXFrameworksBuildPhase section */

/* Begin PBXGroup section */
		1A0000000000000000000002 = {
			isa = PBXGroup;
			children = (
				1A0000000000000000000004 /* LedgerViewer */,
				1A0000000000000000000003 /* Products */,
			);
			sourceTree = "<group>";
		};
		1A0000000000000000000003 /* Products */ = {
			isa = PBXGroup;
			children = (
				1A0000000000000000000006 /* LedgerViewer.app */,
			);
			name = Products;
			sourceTree = "<group>";
		};
		1A0000000000000000000004 /* LedgerViewer */ = {
			isa = PBXGroup;
			children = (
				1A0000000000000000000010 /* LedgerViewerApp.swift */,
				1A0000000000000000000011 /* ContentView.swift */,
				1A0000000000000000000016 /* LedgerStore.swift */,
				1A0000000000000000000018 /* TreeLayout.swift */,
				1A000000000000000000001A /* TreeView.swift */,
				1A000000000000000000001C /* Thumbnail.swift */,
				1A000000000000000000001E /* InspectorView.swift */,
				1A0000000000000000000020 /* LedgerWatcher.swift */,
				1A0000000000000000000022 /* ReservationSheet.swift */,
			);
			path = LedgerViewer;
			sourceTree = "<group>";
		};
/* End PBXGroup section */

/* Begin PBXNativeTarget section */
		1A0000000000000000000005 /* LedgerViewer */ = {
			isa = PBXNativeTarget;
			buildConfigurationList = 1A000000000000000000000B /* Build configuration list for PBXNativeTarget "LedgerViewer" */;
			buildPhases = (
				1A0000000000000000000007 /* Sources */,
				1A0000000000000000000008 /* Frameworks */,
				1A0000000000000000000009 /* Resources */,
			);
			buildRules = (
			);
			dependencies = (
			);
			name = LedgerViewer;
			productName = LedgerViewer;
			productReference = 1A0000000000000000000006 /* LedgerViewer.app */;
			productType = "com.apple.product-type.application";
		};
/* End PBXNativeTarget section */

/* Begin PBXProject section */
		1A0000000000000000000001 /* Project object */ = {
			isa = PBXProject;
			attributes = {
				BuildIndependentTargetsInParallel = 1;
				LastSwiftUpdateCheck = 1610;
				LastUpgradeCheck = 1610;
				TargetAttributes = {
					1A0000000000000000000005 = {
						CreatedOnToolsVersion = 16.1;
					};
				};
			};
			buildConfigurationList = 1A000000000000000000000A /* Build configuration list for PBXProject "LedgerViewer" */;
			compatibilityVersion = "Xcode 14.0";
			developmentRegion = en;
			hasScannedForEncodings = 0;
			knownRegions = (
				en,
				Base,
			);
			mainGroup = 1A0000000000000000000002;
			productRefGroup = 1A0000000000000000000003 /* Products */;
			projectDirPath = "";
			projectRoot = "";
			targets = (
				1A0000000000000000000005 /* LedgerViewer */,
			);
		};
/* End PBXProject section */

/* Begin PBXResourcesBuildPhase section */
		1A0000000000000000000009 /* Resources */ = {
			isa = PBXResourcesBuildPhase;
			buildActionMask = 2147483647;
			files = (
			);
			runOnlyForDeploymentPostprocessing = 0;
		};
/* End PBXResourcesBuildPhase section */

/* Begin PBXSourcesBuildPhase section */
		1A0000000000000000000007 /* Sources */ = {
			isa = PBXSourcesBuildPhase;
			buildActionMask = 2147483647;
			files = (
				1A0000000000000000000012 /* LedgerViewerApp.swift in Sources */,
				1A0000000000000000000013 /* ContentView.swift in Sources */,
				1A0000000000000000000017 /* LedgerStore.swift in Sources */,
				1A0000000000000000000019 /* TreeLayout.swift in Sources */,
				1A000000000000000000001B /* TreeView.swift in Sources */,
				1A000000000000000000001D /* Thumbnail.swift in Sources */,
				1A000000000000000000001F /* InspectorView.swift in Sources */,
				1A0000000000000000000021 /* LedgerWatcher.swift in Sources */,
				1A0000000000000000000023 /* ReservationSheet.swift in Sources */,
			);
			runOnlyForDeploymentPostprocessing = 0;
		};
/* End PBXSourcesBuildPhase section */

/* Begin XCBuildConfiguration section */
		1A000000000000000000000C /* Debug */ = {
			isa = XCBuildConfiguration;
			buildSettings = {
				ALWAYS_SEARCH_USER_PATHS = NO;
				ARCHS = arm64;
				CLANG_ENABLE_MODULES = YES;
				CLANG_ENABLE_OBJC_ARC = YES;
				COPY_PHASE_STRIP = NO;
				DEBUG_INFORMATION_FORMAT = dwarf;
				ENABLE_STRICT_OBJC_MSGSEND = YES;
				ENABLE_TESTABILITY = YES;
				GCC_DYNAMIC_NO_PIC = NO;
				GCC_OPTIMIZATION_LEVEL = 0;
				GCC_PREPROCESSOR_DEFINITIONS = (
					"DEBUG=1",
					"$(inherited)",
				);
				MACOSX_DEPLOYMENT_TARGET = 14.0;
				ONLY_ACTIVE_ARCH = YES;
				SDKROOT = macosx;
				SWIFT_ACTIVE_COMPILATION_CONDITIONS = DEBUG;
				SWIFT_OPTIMIZATION_LEVEL = "-Onone";
			};
			name = Debug;
		};
		1A000000000000000000000D /* Release */ = {
			isa = XCBuildConfiguration;
			buildSettings = {
				ALWAYS_SEARCH_USER_PATHS = NO;
				ARCHS = arm64;
				CLANG_ENABLE_MODULES = YES;
				CLANG_ENABLE_OBJC_ARC = YES;
				COPY_PHASE_STRIP = NO;
				DEBUG_INFORMATION_FORMAT = "dwarf-with-dsym";
				ENABLE_STRICT_OBJC_MSGSEND = YES;
				MACOSX_DEPLOYMENT_TARGET = 14.0;
				SDKROOT = macosx;
				SWIFT_COMPILATION_MODE = wholemodule;
				SWIFT_OPTIMIZATION_LEVEL = "-O";
			};
			name = Release;
		};
		1A000000000000000000000E /* Debug */ = {
			isa = XCBuildConfiguration;
			buildSettings = {
				ASSETCATALOG_COMPILER_GENERATE_ASSET_SYMBOLS = NO;
				CODE_SIGN_IDENTITY = "-";
				CODE_SIGN_STYLE = Manual;
				CODE_SIGNING_ALLOWED = YES;
				CODE_SIGNING_REQUIRED = NO;
				CURRENT_PROJECT_VERSION = 1;
				DEVELOPMENT_TEAM = "";
				ENABLE_HARDENED_RUNTIME = YES;
				GENERATE_INFOPLIST_FILE = YES;
				INFOPLIST_KEY_NSHumanReadableCopyright = "";
				INFOPLIST_KEY_NSMainNibFile = "";
				INFOPLIST_KEY_NSPrincipalClass = NSApplication;
				LD_RUNPATH_SEARCH_PATHS = (
					"$(inherited)",
					"@executable_path/../Frameworks",
				);
				MARKETING_VERSION = 0.1.0;
				PRODUCT_BUNDLE_IDENTIFIER = "dev.vrm-pipeline.LedgerViewer";
				PRODUCT_NAME = "$(TARGET_NAME)";
				SWIFT_EMIT_LOC_STRINGS = YES;
				SWIFT_VERSION = 5.0;
			};
			name = Debug;
		};
		1A000000000000000000000F /* Release */ = {
			isa = XCBuildConfiguration;
			buildSettings = {
				ASSETCATALOG_COMPILER_GENERATE_ASSET_SYMBOLS = NO;
				CODE_SIGN_IDENTITY = "-";
				CODE_SIGN_STYLE = Manual;
				CODE_SIGNING_ALLOWED = YES;
				CODE_SIGNING_REQUIRED = NO;
				CURRENT_PROJECT_VERSION = 1;
				DEVELOPMENT_TEAM = "";
				ENABLE_HARDENED_RUNTIME = YES;
				GENERATE_INFOPLIST_FILE = YES;
				INFOPLIST_KEY_NSHumanReadableCopyright = "";
				INFOPLIST_KEY_NSMainNibFile = "";
				INFOPLIST_KEY_NSPrincipalClass = NSApplication;
				LD_RUNPATH_SEARCH_PATHS = (
					"$(inherited)",
					"@executable_path/../Frameworks",
				);
				MARKETING_VERSION = 0.1.0;
				PRODUCT_BUNDLE_IDENTIFIER = "dev.vrm-pipeline.LedgerViewer";
				PRODUCT_NAME = "$(TARGET_NAME)";
				SWIFT_EMIT_LOC_STRINGS = YES;
				SWIFT_VERSION = 5.0;
			};
			name = Release;
		};
/* End XCBuildConfiguration section */

/* Begin XCConfigurationList section */
		1A000000000000000000000A /* Build configuration list for PBXProject "LedgerViewer" */ = {
			isa = XCConfigurationList;
			buildConfigurations = (
				1A000000000000000000000C /* Debug */,
				1A000000000000000000000D /* Release */,
			);
			defaultConfigurationIsVisible = 0;
			defaultConfigurationName = Release;
		};
		1A000000000000000000000B /* Build configuration list for PBXNativeTarget "LedgerViewer" */ = {
			isa = XCConfigurationList;
			buildConfigurations = (
				1A000000000000000000000E /* Debug */,
				1A000000000000000000000F /* Release */,
			);
			defaultConfigurationIsVisible = 0;
			defaultConfigurationName = Release;
		};
/* End XCConfigurationList section */
	};
	rootObject = 1A0000000000000000000001 /* Project object */;
}
